
Microsoft Visual Studio Solution File, Format Version 12.00
# Visual Studio 15
VisualStudioVersion = 15.0.28010.2003
MinimumVisualStudioVersion = 10.0.40219.1
Project("{FAE04EC0-301F-11D3-BF4B-00C04F79EFBC}") = "tjohnsonex1b1", "tjohnsonex1b1\tjohnsonex1b1.csproj", "{BD1A01E7-F9E1-4486-822D-B11AF20C4AFC}"
EndProject
Project("{FAE04EC0-301F-11D3-BF4B-00C04F79EFBC}") = "tjohnson1c1", "tjohnson1c1\tjohnson1c1.csproj", "{72A947A2-B787-408B-9B63-00641EBFE0EB}"
EndProject
Project("{FAE04EC0-301F-11D3-BF4B-00C04F79EFBC}") = "tjohnson1d1", "tjohnson1d1\tjohnson1d1.csproj", "{2DE6DBCD-1679-4E21-902F-8BBAA2D0D402}"
EndProject
Project("{FAE04EC0-301F-11D3-BF4B-00C04F79EFBC}") = "tjohnson1e1", "tjohnson1e1\tjohnson1e1.csproj", "{22016103-B4E3-413C-970A-590A259B90C2}"
EndProject
Project("{FAE04EC0-301F-11D3-BF4B-00C04F79EFBC}") = "tjohnson1f1", "tjohnson1f1\tjohnson1f1.csproj", "{248EA479-53C6-4640-AE1C-6A5FC0B8A091}"
EndProject
Project("{FAE04EC0-301F-11D3-BF4B-00C04F79EFBC}") = "tjohnson2a1", "tjohnson2a1\tjohnson2a1.csproj", "{379EE542-2F6A-4F8E-8702-EBD79780730F}"
EndProject
Project("{FAE04EC0-301F-11D3-BF4B-00C04F79EFBC}") = "tjohnson2b1", "tjohnson2b1\tjohnson2b1.csproj", "{2D2D06D8-0254-4437-8DCC-C06110176DFC}"
EndProject
Project("{FAE04EC0-301F-11D3-BF4B-00C04F79EFBC}") = "tjohnson2c1", "tjohnson2c1\tjohnson2c1.csproj", "{A6EF3A51-DA4A-4DA5-A3F8-5030C1E83941}"
EndProject
Project("{FAE04EC0-301F-11D3-BF4B-00C04F79EFBC}") = "tjohnson2d1", "tjohnson2d1\tjohnson2d1.csproj", "{F72D3944-D443-4C9C-AE26-4315A145EC10}"
EndProject
Project("{FAE04EC0-301F-11D3-BF4B-00C04F79EFBC}") = "tjohnson2e1", "tjohnson2e1\tjohnson2e1.csproj", "{8DF2FA72-8DD0-42E0-BDB0-229394648412}"
EndProject
Project("{FAE04EC0-301F-11D3-BF4B-00C04F79EFBC}") = "tjohnson2e1UnitTests", "tjohnson2e1UnitTests\tjohnson2e1UnitTests.csproj", "{2E0B72E7-C362-4CEB-BB56-8557734B4CB5}"
EndProject
Project("{FAE04EC0-301F-11D3-BF4B-00C04F79EFBC}") = "tjohnson2f1", "tjohnson2f1\tjohnson2f1.csproj", "{C258CFE1-215F-4257-AE57-E2C7A40864A4}"
EndProject
Project("{FAE04EC0-301F-11D3-BF4B-00C04F79EFBC}") = "tjohnson2f1UnitTests", "tjohnson2f1UnitTests\tjohnson2f1UnitTests.csproj", "{849429A2-73F3-4D22-829B-3A102A637E20}"
EndProject
Project("{FAE04EC0-301F-11D3-BF4B-00C04F79EFBC}") = "tjohnson2g1", "tjohnson2g1\tjohnson2g1.csproj", "{620C04C7-39A2-46CD-8667-115579E93BB1}"
EndProject
Project("{FAE04EC0-301F-11D3-BF4B-00C04F79EFBC}") = "tjohnson2g1UnitTests", "tjohnson2g1UnitTests\tjohnson2g1UnitTests.csproj", "{EDFE32F6-D89B-4445-B119-78FFE19BB169}"
EndProject
Global
	GlobalSection(SolutionConfigurationPlatforms) = preSolution
		Debug|Any CPU = Debug|Any CPU
		Release|Any CPU = Release|Any CPU
	EndGlobalSection
	GlobalSection(ProjectConfigurationPlatforms) = postSolution
		{BD1A01E7-F9E1-4486-822D-B11AF20C4AFC}.Debug|Any CPU.ActiveCfg = Debug|Any CPU
		{BD1A01E7-F9E1-4486-822D-B11AF20C4AFC}.Debug|Any CPU.Build.0 = Debug|Any CPU
		{BD1A01E7-F9E1-4486-822D-B11AF20C4AFC}.Release|Any CPU.ActiveCfg = Release|Any CPU
		{BD1A01E7-F9E1-4486-822D-B11AF20C4AFC}.Release|Any CPU.Build.0 = Release|Any CPU
		{72A947A2-B787-408B-9B63-00641EBFE0EB}.Debug|Any CPU.ActiveCfg = Debug|Any CPU
		{72A947A2-B787-408B-9B63-00641EBFE0EB}.Debug|Any CPU.Build.0 = Debug|Any CPU
		{72A947A2-B787-408B-9B63-00641EBFE0EB}.Release|Any CPU.ActiveCfg = Release|Any CPU
		{72A947A2-B787-408B-9B63-00641EBFE0EB}.Release|Any CPU.Build.0 = Release|Any CPU
		{2DE6DBCD-1679-4E21-902F-8BBAA2D0D402}.Debug|Any CPU.ActiveCfg = Debug|Any CPU
		{2DE6DBCD-1679-4E21-902F-8BBAA2D0D402}.Debug|Any CPU.Build.0 = Debug|Any CPU
		{2DE6DBCD-1679-4E21-902F-8BBAA2D0D402}.Release|Any CPU.ActiveCfg = Release|Any CPU
		{2DE6DBCD-1679-4E21-902F-8BBAA2D0D402}.Release|Any CPU.Build.0 = Release|Any CPU
		{22016103-B4E3-413C-970A-590A259B90C2}.Debug|Any CPU.ActiveCfg = Debug|Any CPU
		{22016103-B4E3-413C-970A-590A259B90C2}.Debug|Any CPU.Build.0 = Debug|Any CPU
		{22016103-B4E3-413C-970A-590A259B90C2}.Release|Any CPU.ActiveCfg = Release|Any CPU
		{22016103-B4E3-413C-970A-590A259B90C2}.Release|Any CPU.Build.0 = Release|Any CPU
		{248EA479-53C6-4640-AE1C-6A5FC0B8A091}.Debug|Any CPU.ActiveCfg = Debug|Any CPU
		{248EA479-53C6-4640-AE1C-6A5FC0B8A091}.Debug|Any CPU.Build.0 = Debug|Any CPU
		{248EA479-53C6-4640-AE1C-6A5FC0B8A091}.Release|Any CPU.ActiveCfg = Release|Any CPU
		{248EA479-53C6-4640-AE1C-6A5FC0B8A091}.Release|Any CPU.Build.0 = Release|Any CPU
		{379EE542-2F6A-4F8E-8702-EBD79780730F}.Debug|Any CPU.ActiveCfg = Debug|Any CPU
		{379EE542-2F6A-4F8E-8702-EBD79780730F}.Debug|Any CPU.Build.0 = Debug|Any CPU
		{379EE542-2F6A-4F8E-8702-EBD79780730F}.Release|Any CPU.ActiveCfg = Release|Any CPU
		{379EE542-2F6A-4F8E-8702-EBD79780730F}.Release|Any CPU.Build.0 = Release|Any CPU
		{2D2D06D8-0254-4437-8DCC-C06110176DFC}.Debug|Any CPU.ActiveCfg = Debug|Any CPU
		{2D2D06D8-0254-4437-8DCC-C06110176DFC}.Debug|Any CPU.Build.0 = Debug|Any CPU
		{2D2D06D8-0254-4437-8DCC-C06110176DFC}.Release|Any CPU.ActiveCfg = Release|Any CPU
		{2D2D06D8-0254-4437-8DCC-C06110176DFC}.Release|Any CPU.Build.0 = Release|Any CPU
		{A6EF3A51-DA4A-4DA5-A3F8-5030C1E83941}.Debug|Any CPU.ActiveCfg = Debug|Any CPU
		{A6EF3A51-DA4A-4DA5-A3F8-5030C1E83941}.Debug|Any CPU.Build.0 = Debug|Any CPU
		{A6EF3A51-DA4A-4DA5-A3F8-5030C1E83941}.Release|Any CPU.ActiveCfg = Release|Any CPU
		{A6EF3A51-DA4A-4DA5-A3F8-5030C1E83941}.Release|Any CPU.Build.0 = Release|Any CPU
		{F72D3944-D443-4C9C-AE26-4315A145EC10}.Debug|Any CPU.ActiveCfg = Debug|Any CPU
		{F72D3944-D443-4C9C-AE26-4315A145EC10}.Debug|Any CPU.Build.0 = Debug|Any CPU
		{F72D3944-D443-4C9C-AE26-4315A145EC10}.Release|Any CPU.ActiveCfg = Release|Any CPU
		{F72D3944-D443-4C9C-AE26-4315A145EC10}.Release|Any CPU.Build.0 = Release|Any CPU
		{8DF2FA72-8DD0-42E0-BDB0-229394648412}.Debug|Any CPU.ActiveCfg = Debug|Any CPU
		{8DF2FA72-8DD0-42E0-BDB0-229394648412}.Debug|Any CPU.Build.0 = Debug|Any CPU
		{8DF2FA72-8DD0-42E0-BDB0-229394648412}.Release|Any CPU.ActiveCfg = Release|Any CPU
		{8DF2FA72-8DD0-42E0-BDB0-229394648412}.Release|Any CPU.Build.0 = Release|Any CPU
		{2E0B72E7-C362-4CEB-BB56-8557734B4CB5}.Debug|Any CPU.ActiveCfg = Debug|Any CPU
		{2E0B72E7-C362-4CEB-BB56-8557734B4CB5}.Debug|Any CPU.Build.0 = Debug|Any CPU
		{2E0B72E7-C362-4CEB-BB56-8557734B4CB5}.Release|Any CPU.ActiveCfg = Release|Any CPU
		{2E0B72E7-C362-4CEB-BB56-8557734B4CB5}.Release|Any CPU.Build.0 = Release|Any CPU
		{C258CFE1-215F-4257-AE57-E2C7A40864A4}.Debug|Any CPU.ActiveCfg = Debug|Any CPU
		{C258CFE1-215F-4257-AE57-E2C7A40864A4}.Debug|Any CPU.Build.0 = Debug|Any CPU
		{C258CFE1-215F-4257-AE57-E2C7A40864A4}.Release|Any CPU.ActiveCfg = Release|Any CPU
		{C258CFE1-215F-4257-AE57-E2C7A40864A4}.Release|Any CPU.Build.0 = Release|Any CPU
		{849429A2-73F3-4D22-829B-3A102A637E20}.Debug|Any CPU.ActiveCfg = Debug|Any CPU
		{849429A2-73F3-4D22-829B-3A102A637E20}.Debug|Any CPU.Build.0 = Debug|Any CPU
		{849429A2-73F3-4D22-829B-3A102A637E20}.Release|Any CPU.ActiveCfg = Release|Any CPU
		{849429A2-73F3-4D22-829B-3A102A637E20}.Release|Any CPU.Build.0 = Release|Any CPU
		{620C04C7-39A2-46CD-8667-115579E93BB1}.Debug|Any CPU.ActiveCfg = Debug|Any CPU
		{620C04C7-39A2-46CD-8667-115579E93BB1}.Debug|Any CPU.Build.0 = Debug|Any CPU
		{620C04C7-39A2-46CD-8667-115579E93BB1}.Release|Any CPU.ActiveCfg = Release|Any CPU
		{620C04C7-39A2-46CD-8667-115579E93BB1}.Release|Any CPU.Build.0 = Release|Any CPU
		{EDFE32F6-D89B-4445-B119-78FFE19BB169}.Debug|Any CPU.ActiveCfg = Debug|Any CPU
		{EDFE32F6-D89B-4445-B119-78FFE19BB169}.Debug|Any CPU.Build.0 = Debug|Any CPU
		{EDFE32F6-D89B-4445-B119-78FFE19BB169}.Release|Any CPU.ActiveCfg = Release|Any CPU
		{EDFE32F6-D89B-4445-B119-78FFE19BB169}.Release|Any CPU.Build.0 = Release|Any CPU
	EndGlobalSection
	GlobalSection(SolutionProperties) = preSolution
		HideSolutionNode = FALSE
	EndGlobalSection
	GlobalSection(ExtensibilityGlobals) = postSolution
		SolutionGuid = {3B6AEFD6-3D3E-4286-93AE-AA2BA40FEE91}
	EndGlobalSection
EndGlobal
