
Microsoft Visual Studio Solution File, Format Version 12.00
# Visual Studio 15
VisualStudioVersion = 15.0.28010.2003
MinimumVisualStudioVersion = 10.0.40219.1
Project("{FAE04EC0-301F-11D3-BF4B-00C04F79EFBC}") = "tjohnsonex1b1", "tjohnsonex1b1\tjohnsonex1b1.csproj", "{BD1A01E7-F9E1-4486-822D-B11AF20C4AFC}"
EndProject
Project("{FAE04EC0-301F-11D3-BF4B-00C04F79EFBC}") = "tjohnson1c1", "tjohnson1c1\tjohnson1c1.csproj", "{72A947A2-B787-408B-9B63-00641EBFE0EB}"
EndProject
Project("{FAE04EC0-301F-11D3-BF4B-00C04F79EFBC}") = "tjohnson1d1", "tjohnson1d1\tjohnson1d1.csproj", "{2DE6DBCD-1679-4E21-902F-8BBAA2D0D402}"
EndProject
Project("{FAE04EC0-301F-11D3-BF4B-00C04F79EFBC}") = "tjohnson1e1", "tjohnson1e1\tjohnson1e1.csproj", "{22016103-B4E3-413C-970A-590A259B90C2}"
EndProject
Project("{FAE04EC0-301F-11D3-BF4B-00C04F79EFBC}") = "tjohnson1f1", "tjohnson1f1\tjohnson1f1.csproj", "{248EA479-53C6-4640-AE1C-6A5FC0B8A091}"
EndProject
Project("{FAE04EC0-301F-11D3-BF4B-00C04F79EFBC}") = "variableSamp", "variableSamp\variableSamp.csproj", "{FA08CD1D-35FD-40A1-B674-C4E2C1D6710C}"
EndProject
Project("{FAE04EC0-301F-11D3-BF4B-00C04F79EFBC}") = "tjohnson2a1", "tjohnson2a1\tjohnson2a1.csproj", "{379EE542-2F6A-4F8E-8702-EBD79780730F}"
EndProject
Global
	GlobalSection(SolutionConfigurationPlatforms) = preSolution
		Debug|Any CPU = Debug|Any CPU
		Release|Any CPU = Release|Any CPU
	EndGlobalSection
	GlobalSection(ProjectConfigurationPlatforms) = postSolution
		{BD1A01E7-F9E1-4486-822D-B11AF20C4AFC}.Debug|Any CPU.ActiveCfg = Debug|Any CPU
		{BD1A01E7-F9E1-4486-822D-B11AF20C4AFC}.Debug|Any CPU.Build.0 = Debug|Any CPU
		{BD1A01E7-F9E1-4486-822D-B11AF20C4AFC}.Release|Any CPU.ActiveCfg = Release|Any CPU
		{BD1A01E7-F9E1-4486-822D-B11AF20C4AFC}.Release|Any CPU.Build.0 = Release|Any CPU
		{72A947A2-B787-408B-9B63-00641EBFE0EB}.Debug|Any CPU.ActiveCfg = Debug|Any CPU
		{72A947A2-B787-408B-9B63-00641EBFE0EB}.Debug|Any CPU.Build.0 = Debug|Any CPU
		{72A947A2-B787-408B-9B63-00641EBFE0EB}.Release|Any CPU.ActiveCfg = Release|Any CPU
		{72A947A2-B787-408B-9B63-00641EBFE0EB}.Release|Any CPU.Build.0 = Release|Any CPU
		{2DE6DBCD-1679-4E21-902F-8BBAA2D0D402}.Debug|Any CPU.ActiveCfg = Debug|Any CPU
		{2DE6DBCD-1679-4E21-902F-8BBAA2D0D402}.Debug|Any CPU.Build.0 = Debug|Any CPU
		{2DE6DBCD-1679-4E21-902F-8BBAA2D0D402}.Release|Any CPU.ActiveCfg = Release|Any CPU
		{2DE6DBCD-1679-4E21-902F-8BBAA2D0D402}.Release|Any CPU.Build.0 = Release|Any CPU
		{22016103-B4E3-413C-970A-590A259B90C2}.Debug|Any CPU.ActiveCfg = Debug|Any CPU
		{22016103-B4E3-413C-970A-590A259B90C2}.Debug|Any CPU.Build.0 = Debug|Any CPU
		{22016103-B4E3-413C-970A-590A259B90C2}.Release|Any CPU.ActiveCfg = Release|Any CPU
		{22016103-B4E3-413C-970A-590A259B90C2}.Release|Any CPU.Build.0 = Release|Any CPU
		{248EA479-53C6-4640-AE1C-6A5FC0B8A091}.Debug|Any CPU.ActiveCfg = Debug|Any CPU
		{248EA479-53C6-4640-AE1C-6A5FC0B8A091}.Debug|Any CPU.Build.0 = Debug|Any CPU
		{248EA479-53C6-4640-AE1C-6A5FC0B8A091}.Release|Any CPU.ActiveCfg = Release|Any CPU
		{248EA479-53C6-4640-AE1C-6A5FC0B8A091}.Release|Any CPU.Build.0 = Release|Any CPU
		{FA08CD1D-35FD-40A1-B674-C4E2C1D6710C}.Debug|Any CPU.ActiveCfg = Debug|Any CPU
		{FA08CD1D-35FD-40A1-B674-C4E2C1D6710C}.Debug|Any CPU.Build.0 = Debug|Any CPU
		{FA08CD1D-35FD-40A1-B674-C4E2C1D6710C}.Release|Any CPU.ActiveCfg = Release|Any CPU
		{FA08CD1D-35FD-40A1-B674-C4E2C1D6710C}.Release|Any CPU.Build.0 = Release|Any CPU
		{379EE542-2F6A-4F8E-8702-EBD79780730F}.Debug|Any CPU.ActiveCfg = Debug|Any CPU
		{379EE542-2F6A-4F8E-8702-EBD79780730F}.Debug|Any CPU.Build.0 = Debug|Any CPU
		{379EE542-2F6A-4F8E-8702-EBD79780730F}.Release|Any CPU.ActiveCfg = Release|Any CPU
		{379EE542-2F6A-4F8E-8702-EBD79780730F}.Release|Any CPU.Build.0 = Release|Any CPU
	EndGlobalSection
	GlobalSection(SolutionProperties) = preSolution
		HideSolutionNode = FALSE
	EndGlobalSection
	GlobalSection(ExtensibilityGlobals) = postSolution
		SolutionGuid = {3B6AEFD6-3D3E-4286-93AE-AA2BA40FEE91}
	EndGlobalSection
EndGlobal
